
Microsoft Visual Studio Solution File, Format Version 12.00
# Visual Studio Version 17
VisualStudioVersion = 17.9.34728.123
MinimumVisualStudioVersion = 10.0.40219.1
Project("{9A19103F-16F7-4668-BE54-9A1E7A4F7556}") = "Scented_Candles_website", "Scented_Candles_website\Scented_Candles_website.csproj", "{FFE6A3AD-5134-41A2-9534-07850EF3EF23}"
EndProject
Global
	GlobalSection(SolutionConfigurationPlatforms) = preSolution
		Debug|Any CPU = Debug|Any CPU
		Release|Any CPU = Release|Any CPU
	EndGlobalSection
	GlobalSection(ProjectConfigurationPlatforms) = postSolution
		{FFE6A3AD-5134-41A2-9534-07850EF3EF23}.Debug|Any CPU.ActiveCfg = Debug|Any CPU
		{FFE6A3AD-5134-41A2-9534-07850EF3EF23}.Debug|Any CPU.Build.0 = Debug|Any CPU
		{FFE6A3AD-5134-41A2-9534-07850EF3EF23}.Release|Any CPU.ActiveCfg = Release|Any CPU
		{FFE6A3AD-5134-41A2-9534-07850EF3EF23}.Release|Any CPU.Build.0 = Release|Any CPU
	EndGlobalSection
	GlobalSection(SolutionProperties) = preSolution
		HideSolutionNode = FALSE
	EndGlobalSection
	GlobalSection(ExtensibilityGlobals) = postSolution
		SolutionGuid = {17444D24-B76A-46AD-B22E-AFE70A56304D}
	EndGlobalSection
EndGlobal
